// !$*UTF8*$!
{
	archiveVersion = 1;
	classes = {
	};
	objectVersion = 46;
	objects = {

/* Begin PBXBuildFile section */
		520654671D9E086500FD0BBE /* MicropostTests.swift in Sources */ = {isa = PBXBuildFile; fileRef = 520654661D9E086500FD0BBE /* MicropostTests.swift */; };
		5208BBD31DA726F60098DBC6 /* MemberAddCell.swift in Sources */ = {isa = PBXBuildFile; fileRef = 5208BBD11DA726F60098DBC6 /* MemberAddCell.swift */; };
		5208BBD41DA726F60098DBC6 /* MemberAddCell.xib in Resources */ = {isa = PBXBuildFile; fileRef = 5208BBD21DA726F60098DBC6 /* MemberAddCell.xib */; };
		521173B61D9A504800DDA29E /* OHHTTPStubs.framework in Frameworks */ = {isa = PBXBuildFile; fileRef = 521173B51D9A504800DDA29E /* OHHTTPStubs.framework */; };
		521173B71D9A6D0000DDA29E /* OHHTTPStubs.framework in Frameworks */ = {isa = PBXBuildFile; fileRef = 521173B51D9A504800DDA29E /* OHHTTPStubs.framework */; };
		521173B91D9A79AB00DDA29E /* Nimble.framework in Frameworks */ = {isa = PBXBuildFile; fileRef = 521173B81D9A79AB00DDA29E /* Nimble.framework */; };
		521BC0A41DA3527000A83893 /* MembersCell.swift in Sources */ = {isa = PBXBuildFile; fileRef = 521BC0A21DA3527000A83893 /* MembersCell.swift */; };
		521BC0A51DA3527000A83893 /* MembersCell.xib in Resources */ = {isa = PBXBuildFile; fileRef = 521BC0A31DA3527000A83893 /* MembersCell.xib */; };
		521BC0A71DA3971200A83893 /* ListDetailUITests.swift in Sources */ = {isa = PBXBuildFile; fileRef = 521BC0A61DA3971200A83893 /* ListDetailUITests.swift */; };
		521BC0A91DA3B05300A83893 /* ListEdit.storyboard in Resources */ = {isa = PBXBuildFile; fileRef = 521BC0A81DA3B05300A83893 /* ListEdit.storyboard */; };
		521BC0AB1DA3B0D600A83893 /* ListEditViewController.swift in Sources */ = {isa = PBXBuildFile; fileRef = 521BC0AA1DA3B0D600A83893 /* ListEditViewController.swift */; };
		5221F3551DA35B9100719B90 /* Auth.json in Resources */ = {isa = PBXBuildFile; fileRef = 5221F3541DA35B9100719B90 /* Auth.json */; };
		52221D241DA4E83700AA6DD4 /* HomeViewController.swift in Sources */ = {isa = PBXBuildFile; fileRef = 52221D231DA4E83700AA6DD4 /* HomeViewController.swift */; };
		52221D261DA4E95E00AA6DD4 /* FeedViewController.swift in Sources */ = {isa = PBXBuildFile; fileRef = 52221D251DA4E95E00AA6DD4 /* FeedViewController.swift */; };
		5222F5AC1DA34A0F00990E8E /* ListsMembers.json in Resources */ = {isa = PBXBuildFile; fileRef = 5222F5A61DA34A0F00990E8E /* ListsMembers.json */; };
		5222F5AD1DA34A0F00990E8E /* ListsShow.json in Resources */ = {isa = PBXBuildFile; fileRef = 5222F5A71DA34A0F00990E8E /* ListsShow.json */; };
		5222F5AE1DA34A0F00990E8E /* MicropostsShow.json in Resources */ = {isa = PBXBuildFile; fileRef = 5222F5A81DA34A0F00990E8E /* MicropostsShow.json */; };
		5222F5AF1DA34A0F00990E8E /* MicropostsShow_withPicture.json in Resources */ = {isa = PBXBuildFile; fileRef = 5222F5A91DA34A0F00990E8E /* MicropostsShow_withPicture.json */; };
		5222F5B01DA34A0F00990E8E /* MyLists.json in Resources */ = {isa = PBXBuildFile; fileRef = 5222F5AA1DA34A0F00990E8E /* MyLists.json */; };
		5222F5B11DA34A0F00990E8E /* UsersCreate.json in Resources */ = {isa = PBXBuildFile; fileRef = 5222F5AB1DA34A0F00990E8E /* UsersCreate.json */; };
		522C8AA71D9CBC2C00E17D4C /* List.swift in Sources */ = {isa = PBXBuildFile; fileRef = 522C8AA61D9CBC2C00E17D4C /* List.swift */; };
		522C8AAF1D9D1D3F00E17D4C /* TestHelpers.swift in Sources */ = {isa = PBXBuildFile; fileRef = 522C8AAE1D9D1D3F00E17D4C /* TestHelpers.swift */; };
		5232599F1D9A0D8100476111 /* User.swift in Sources */ = {isa = PBXBuildFile; fileRef = 5232599E1D9A0D8100476111 /* User.swift */; };
		5242ABF81D98F1BE0095D4F4 /* ViewController.swift in Sources */ = {isa = PBXBuildFile; fileRef = 5242ABF71D98F1BE0095D4F4 /* ViewController.swift */; };
		5242ABFB1D98F1CB0095D4F4 /* LaunchScreen.storyboard in Resources */ = {isa = PBXBuildFile; fileRef = 5242ABF91D98F1CB0095D4F4 /* LaunchScreen.storyboard */; };
		5242ABFC1D98F1CB0095D4F4 /* Main.storyboard in Resources */ = {isa = PBXBuildFile; fileRef = 5242ABFA1D98F1CB0095D4F4 /* Main.storyboard */; };
		525B707B1D98F985004D72BD /* Alamofire.framework in Frameworks */ = {isa = PBXBuildFile; fileRef = 525B70781D98F985004D72BD /* Alamofire.framework */; };
		525B707C1D98F985004D72BD /* AlamofireImage.framework in Frameworks */ = {isa = PBXBuildFile; fileRef = 525B70791D98F985004D72BD /* AlamofireImage.framework */; };
		525B707D1D98F985004D72BD /* SwiftyJSON.framework in Frameworks */ = {isa = PBXBuildFile; fileRef = 525B707A1D98F985004D72BD /* SwiftyJSON.framework */; };
		52685A271D990E4400FEC0A7 /* APIClient.swift in Sources */ = {isa = PBXBuildFile; fileRef = 52685A261D990E4400FEC0A7 /* APIClient.swift */; };
		526B149F1DA4A21F00BDAAFA /* MembersDeleteCell.swift in Sources */ = {isa = PBXBuildFile; fileRef = 526B149D1DA4A21F00BDAAFA /* MembersDeleteCell.swift */; };
		526B14A01DA4A21F00BDAAFA /* MembersDeleteCell.xib in Resources */ = {isa = PBXBuildFile; fileRef = 526B149E1DA4A21F00BDAAFA /* MembersDeleteCell.xib */; };
		526B14A21DA4E43B00BDAAFA /* ListsUpdate.json in Resources */ = {isa = PBXBuildFile; fileRef = 526B14A11DA4E43B00BDAAFA /* ListsUpdate.json */; };
		528F83591DA5F70F00630ACF /* HomeUITests.swift in Sources */ = {isa = PBXBuildFile; fileRef = 528F83581DA5F70F00630ACF /* HomeUITests.swift */; };
		52A15F291DA1FABA009D4525 /* ListUITests.swift in Sources */ = {isa = PBXBuildFile; fileRef = 52A15F281DA1FABA009D4525 /* ListUITests.swift */; };
		52A15F381DA24923009D4525 /* ListTests.swift in Sources */ = {isa = PBXBuildFile; fileRef = 52A15F371DA24923009D4525 /* ListTests.swift */; };
		52A44A7B1D9E304500DE76FD /* ListViewController.swift in Sources */ = {isa = PBXBuildFile; fileRef = 52A44A7A1D9E304500DE76FD /* ListViewController.swift */; };
		52A44A871D9E465800DE76FD /* ListDetail.storyboard in Resources */ = {isa = PBXBuildFile; fileRef = 52A44A861D9E465800DE76FD /* ListDetail.storyboard */; };
		52A44A891D9E512600DE76FD /* ListDetailViewController.swift in Sources */ = {isa = PBXBuildFile; fileRef = 52A44A881D9E512600DE76FD /* ListDetailViewController.swift */; };
		52A635D31D9CD9FE00646119 /* Micropost.swift in Sources */ = {isa = PBXBuildFile; fileRef = 52A635D21D9CD9FE00646119 /* Micropost.swift */; };
		52A8F6221DA6291A00354999 /* ListEditUITests.swift in Sources */ = {isa = PBXBuildFile; fileRef = 52A8F6211DA6291A00354999 /* ListEditUITests.swift */; };
		52A8F6241DA652F500354999 /* ListAddMember.storyboard in Resources */ = {isa = PBXBuildFile; fileRef = 52A8F6231DA652F500354999 /* ListAddMember.storyboard */; };
		52A8F6261DA656CE00354999 /* ListAddMemberViewController.swift in Sources */ = {isa = PBXBuildFile; fileRef = 52A8F6251DA656CE00354999 /* ListAddMemberViewController.swift */; };
		52B1C6DD1D98EFD2002AB83B /* AppDelegate.swift in Sources */ = {isa = PBXBuildFile; fileRef = 52B1C6DC1D98EFD2002AB83B /* AppDelegate.swift */; };
		52B1C6E41D98EFD2002AB83B /* Assets.xcassets in Resources */ = {isa = PBXBuildFile; fileRef = 52B1C6E31D98EFD2002AB83B /* Assets.xcassets */; };
		52D1FEF11DA4EAC20025FCD4 /* XLPagerTabStrip.framework in Frameworks */ = {isa = PBXBuildFile; fileRef = 52D1FEF01DA4EAC20025FCD4 /* XLPagerTabStrip.framework */; };
		52D6E7C11D9CE22900A0A564 /* UserTests.swift in Sources */ = {isa = PBXBuildFile; fileRef = 52D6E7C01D9CE22900A0A564 /* UserTests.swift */; };
		52F1EF4D1DA39BD1009B4327 /* MyFeed.json in Resources */ = {isa = PBXBuildFile; fileRef = 52F1EF4C1DA39BD1009B4327 /* MyFeed.json */; };
		7231C3D91D9A0BA90086D60F /* Mention.storyboard in Resources */ = {isa = PBXBuildFile; fileRef = 7231C3D81D9A0BA90086D60F /* Mention.storyboard */; };
		724DB9131D9926FB00008C25 /* Home.storyboard in Resources */ = {isa = PBXBuildFile; fileRef = 724DB9121D9926FB00008C25 /* Home.storyboard */; };
		724DB9151D99271B00008C25 /* Post.storyboard in Resources */ = {isa = PBXBuildFile; fileRef = 724DB9141D99271B00008C25 /* Post.storyboard */; };
		724DB9171D99274A00008C25 /* Profile.storyboard in Resources */ = {isa = PBXBuildFile; fileRef = 724DB9161D99274A00008C25 /* Profile.storyboard */; };
		724DB9191D99275300008C25 /* Lists.storyboard in Resources */ = {isa = PBXBuildFile; fileRef = 724DB9181D99275300008C25 /* Lists.storyboard */; };
		725B13131DA2450C00A12006 /* Stub.swift in Sources */ = {isa = PBXBuildFile; fileRef = 725B13121DA2450C00A12006 /* Stub.swift */; };
		725B13181DA35C4600A12006 /* Me.json in Resources */ = {isa = PBXBuildFile; fileRef = 725B13171DA35C4600A12006 /* Me.json */; };
		725B131A1DA39AFC00A12006 /* PostKeyboardToolbar.xib in Resources */ = {isa = PBXBuildFile; fileRef = 725B13191DA39AFC00A12006 /* PostKeyboardToolbar.xib */; };
		72B14FF71DA39D79005E7523 /* PostViewController.swift in Sources */ = {isa = PBXBuildFile; fileRef = 72B14FF61DA39D79005E7523 /* PostViewController.swift */; };
		72B14FF91DA3B11D005E7523 /* TabBarController.swift in Sources */ = {isa = PBXBuildFile; fileRef = 72B14FF81DA3B11D005E7523 /* TabBarController.swift */; };
		72B14FFB1DA49D4E005E7523 /* DummyViewController.swift in Sources */ = {isa = PBXBuildFile; fileRef = 72B14FFA1DA49D4E005E7523 /* DummyViewController.swift */; };
		72B14FFD1DA4CCEA005E7523 /* MicropostsPost.json in Resources */ = {isa = PBXBuildFile; fileRef = 72B14FFC1DA4CCEA005E7523 /* MicropostsPost.json */; };
		72B150011DA5EEE4005E7523 /* PostUITests.swift in Sources */ = {isa = PBXBuildFile; fileRef = 72B150001DA5EEE4005E7523 /* PostUITests.swift */; };
		72C0D6E01D9BB50600D47723 /* Feed.storyboard in Resources */ = {isa = PBXBuildFile; fileRef = 72C0D6DF1D9BB50600D47723 /* Feed.storyboard */; };
		72C0D6E21D9BB54A00D47723 /* Following.storyboard in Resources */ = {isa = PBXBuildFile; fileRef = 72C0D6E11D9BB54A00D47723 /* Following.storyboard */; };
		72C0D6E41D9BB56100D47723 /* Followers.storyboard in Resources */ = {isa = PBXBuildFile; fileRef = 72C0D6E31D9BB56100D47723 /* Followers.storyboard */; };
		72C0D6E61D9BB70900D47723 /* ProfileEdit.storyboard in Resources */ = {isa = PBXBuildFile; fileRef = 72C0D6E51D9BB70900D47723 /* ProfileEdit.storyboard */; };
		72C0D6E81D9BBC9000D47723 /* LinedButton.swift in Sources */ = {isa = PBXBuildFile; fileRef = 72C0D6E71D9BBC9000D47723 /* LinedButton.swift */; };
		72C0D6EC1D9CBBE200D47723 /* ProfileUITests.swift in Sources */ = {isa = PBXBuildFile; fileRef = 72C0D6EB1D9CBBE200D47723 /* ProfileUITests.swift */; };
		72C0D6EE1D9D106000D47723 /* ProfileViewController.swift in Sources */ = {isa = PBXBuildFile; fileRef = 72C0D6ED1D9D106000D47723 /* ProfileViewController.swift */; };
/* End PBXBuildFile section */

/* Begin PBXContainerItemProxy section */
		52B1C6EE1D98EFD2002AB83B /* PBXContainerItemProxy */ = {
			isa = PBXContainerItemProxy;
			containerPortal = 52B1C6D11D98EFD1002AB83B /* Project object */;
			proxyType = 1;
			remoteGlobalIDString = 52B1C6D81D98EFD1002AB83B;
			remoteInfo = Turmeric;
		};
		52B1C6F91D98EFD2002AB83B /* PBXContainerItemProxy */ = {
			isa = PBXContainerItemProxy;
			containerPortal = 52B1C6D11D98EFD1002AB83B /* Project object */;
			proxyType = 1;
			remoteGlobalIDString = 52B1C6D81D98EFD1002AB83B;
			remoteInfo = Turmeric;
		};
/* End PBXContainerItemProxy section */

/* Begin PBXFileReference section */
		520654661D9E086500FD0BBE /* MicropostTests.swift */ = {isa = PBXFileReference; fileEncoding = 4; lastKnownFileType = sourcecode.swift; path = MicropostTests.swift; sourceTree = "<group>"; };
		5208BBD11DA726F60098DBC6 /* MemberAddCell.swift */ = {isa = PBXFileReference; fileEncoding = 4; lastKnownFileType = sourcecode.swift; path = MemberAddCell.swift; sourceTree = "<group>"; };
		5208BBD21DA726F60098DBC6 /* MemberAddCell.xib */ = {isa = PBXFileReference; fileEncoding = 4; lastKnownFileType = file.xib; path = MemberAddCell.xib; sourceTree = "<group>"; };
		521173B51D9A504800DDA29E /* OHHTTPStubs.framework */ = {isa = PBXFileReference; lastKnownFileType = wrapper.framework; name = OHHTTPStubs.framework; path = Carthage/Build/iOS/OHHTTPStubs.framework; sourceTree = "<group>"; };
		521173B81D9A79AB00DDA29E /* Nimble.framework */ = {isa = PBXFileReference; lastKnownFileType = wrapper.framework; name = Nimble.framework; path = Carthage/Build/iOS/Nimble.framework; sourceTree = "<group>"; };
		521BC0A21DA3527000A83893 /* MembersCell.swift */ = {isa = PBXFileReference; fileEncoding = 4; lastKnownFileType = sourcecode.swift; path = MembersCell.swift; sourceTree = "<group>"; };
		521BC0A31DA3527000A83893 /* MembersCell.xib */ = {isa = PBXFileReference; fileEncoding = 4; lastKnownFileType = file.xib; path = MembersCell.xib; sourceTree = "<group>"; };
		521BC0A61DA3971200A83893 /* ListDetailUITests.swift */ = {isa = PBXFileReference; fileEncoding = 4; lastKnownFileType = sourcecode.swift; path = ListDetailUITests.swift; sourceTree = "<group>"; };
		521BC0A81DA3B05300A83893 /* ListEdit.storyboard */ = {isa = PBXFileReference; fileEncoding = 4; lastKnownFileType = file.storyboard; path = ListEdit.storyboard; sourceTree = "<group>"; };
		521BC0AA1DA3B0D600A83893 /* ListEditViewController.swift */ = {isa = PBXFileReference; fileEncoding = 4; lastKnownFileType = sourcecode.swift; path = ListEditViewController.swift; sourceTree = "<group>"; };
		5221F3541DA35B9100719B90 /* Auth.json */ = {isa = PBXFileReference; fileEncoding = 4; lastKnownFileType = text.json; path = Auth.json; sourceTree = "<group>"; };
		52221D231DA4E83700AA6DD4 /* HomeViewController.swift */ = {isa = PBXFileReference; fileEncoding = 4; lastKnownFileType = sourcecode.swift; path = HomeViewController.swift; sourceTree = "<group>"; };
		52221D251DA4E95E00AA6DD4 /* FeedViewController.swift */ = {isa = PBXFileReference; fileEncoding = 4; lastKnownFileType = sourcecode.swift; path = FeedViewController.swift; sourceTree = "<group>"; };
		5222F5A61DA34A0F00990E8E /* ListsMembers.json */ = {isa = PBXFileReference; fileEncoding = 4; lastKnownFileType = text.json; path = ListsMembers.json; sourceTree = "<group>"; };
		5222F5A71DA34A0F00990E8E /* ListsShow.json */ = {isa = PBXFileReference; fileEncoding = 4; lastKnownFileType = text.json; path = ListsShow.json; sourceTree = "<group>"; };
		5222F5A81DA34A0F00990E8E /* MicropostsShow.json */ = {isa = PBXFileReference; fileEncoding = 4; lastKnownFileType = text.json; path = MicropostsShow.json; sourceTree = "<group>"; };
		5222F5A91DA34A0F00990E8E /* MicropostsShow_withPicture.json */ = {isa = PBXFileReference; fileEncoding = 4; lastKnownFileType = text.json; path = MicropostsShow_withPicture.json; sourceTree = "<group>"; };
		5222F5AA1DA34A0F00990E8E /* MyLists.json */ = {isa = PBXFileReference; fileEncoding = 4; lastKnownFileType = text.json; path = MyLists.json; sourceTree = "<group>"; };
		5222F5AB1DA34A0F00990E8E /* UsersCreate.json */ = {isa = PBXFileReference; fileEncoding = 4; lastKnownFileType = text.json; path = UsersCreate.json; sourceTree = "<group>"; };
		522C8AA61D9CBC2C00E17D4C /* List.swift */ = {isa = PBXFileReference; fileEncoding = 4; lastKnownFileType = sourcecode.swift; path = List.swift; sourceTree = "<group>"; };
		522C8AAE1D9D1D3F00E17D4C /* TestHelpers.swift */ = {isa = PBXFileReference; fileEncoding = 4; lastKnownFileType = sourcecode.swift; path = TestHelpers.swift; sourceTree = "<group>"; };
		5232599E1D9A0D8100476111 /* User.swift */ = {isa = PBXFileReference; fileEncoding = 4; lastKnownFileType = sourcecode.swift; path = User.swift; sourceTree = "<group>"; };
		5242ABF71D98F1BE0095D4F4 /* ViewController.swift */ = {isa = PBXFileReference; fileEncoding = 4; lastKnownFileType = sourcecode.swift; path = ViewController.swift; sourceTree = "<group>"; };
		5242ABF91D98F1CB0095D4F4 /* LaunchScreen.storyboard */ = {isa = PBXFileReference; fileEncoding = 4; lastKnownFileType = file.storyboard; path = LaunchScreen.storyboard; sourceTree = "<group>"; };
		5242ABFA1D98F1CB0095D4F4 /* Main.storyboard */ = {isa = PBXFileReference; fileEncoding = 4; lastKnownFileType = file.storyboard; path = Main.storyboard; sourceTree = "<group>"; };
		525B70781D98F985004D72BD /* Alamofire.framework */ = {isa = PBXFileReference; lastKnownFileType = wrapper.framework; name = Alamofire.framework; path = Carthage/Build/iOS/Alamofire.framework; sourceTree = "<group>"; };
		525B70791D98F985004D72BD /* AlamofireImage.framework */ = {isa = PBXFileReference; lastKnownFileType = wrapper.framework; name = AlamofireImage.framework; path = Carthage/Build/iOS/AlamofireImage.framework; sourceTree = "<group>"; };
		525B707A1D98F985004D72BD /* SwiftyJSON.framework */ = {isa = PBXFileReference; lastKnownFileType = wrapper.framework; name = SwiftyJSON.framework; path = Carthage/Build/iOS/SwiftyJSON.framework; sourceTree = "<group>"; };
		52685A261D990E4400FEC0A7 /* APIClient.swift */ = {isa = PBXFileReference; fileEncoding = 4; lastKnownFileType = sourcecode.swift; path = APIClient.swift; sourceTree = "<group>"; };
		526B149D1DA4A21F00BDAAFA /* MembersDeleteCell.swift */ = {isa = PBXFileReference; fileEncoding = 4; lastKnownFileType = sourcecode.swift; path = MembersDeleteCell.swift; sourceTree = "<group>"; };
		526B149E1DA4A21F00BDAAFA /* MembersDeleteCell.xib */ = {isa = PBXFileReference; fileEncoding = 4; lastKnownFileType = file.xib; path = MembersDeleteCell.xib; sourceTree = "<group>"; };
		526B14A11DA4E43B00BDAAFA /* ListsUpdate.json */ = {isa = PBXFileReference; fileEncoding = 4; lastKnownFileType = text.json; path = ListsUpdate.json; sourceTree = "<group>"; };
		528F83581DA5F70F00630ACF /* HomeUITests.swift */ = {isa = PBXFileReference; fileEncoding = 4; lastKnownFileType = sourcecode.swift; path = HomeUITests.swift; sourceTree = "<group>"; };
		52A15F281DA1FABA009D4525 /* ListUITests.swift */ = {isa = PBXFileReference; fileEncoding = 4; lastKnownFileType = sourcecode.swift; path = ListUITests.swift; sourceTree = "<group>"; };
		52A15F371DA24923009D4525 /* ListTests.swift */ = {isa = PBXFileReference; fileEncoding = 4; lastKnownFileType = sourcecode.swift; path = ListTests.swift; sourceTree = "<group>"; };
		52A44A7A1D9E304500DE76FD /* ListViewController.swift */ = {isa = PBXFileReference; fileEncoding = 4; lastKnownFileType = sourcecode.swift; path = ListViewController.swift; sourceTree = "<group>"; };
		52A44A861D9E465800DE76FD /* ListDetail.storyboard */ = {isa = PBXFileReference; fileEncoding = 4; lastKnownFileType = file.storyboard; path = ListDetail.storyboard; sourceTree = "<group>"; };
		52A44A881D9E512600DE76FD /* ListDetailViewController.swift */ = {isa = PBXFileReference; fileEncoding = 4; lastKnownFileType = sourcecode.swift; path = ListDetailViewController.swift; sourceTree = "<group>"; };
		52A635D21D9CD9FE00646119 /* Micropost.swift */ = {isa = PBXFileReference; fileEncoding = 4; lastKnownFileType = sourcecode.swift; path = Micropost.swift; sourceTree = "<group>"; };
		52A8F6211DA6291A00354999 /* ListEditUITests.swift */ = {isa = PBXFileReference; fileEncoding = 4; lastKnownFileType = sourcecode.swift; path = ListEditUITests.swift; sourceTree = "<group>"; };
		52A8F6231DA652F500354999 /* ListAddMember.storyboard */ = {isa = PBXFileReference; fileEncoding = 4; lastKnownFileType = file.storyboard; path = ListAddMember.storyboard; sourceTree = "<group>"; };
		52A8F6251DA656CE00354999 /* ListAddMemberViewController.swift */ = {isa = PBXFileReference; fileEncoding = 4; lastKnownFileType = sourcecode.swift; path = ListAddMemberViewController.swift; sourceTree = "<group>"; };
		52B1C6D91D98EFD2002AB83B /* Turmeric.app */ = {isa = PBXFileReference; explicitFileType = wrapper.application; includeInIndex = 0; path = Turmeric.app; sourceTree = BUILT_PRODUCTS_DIR; };
		52B1C6DC1D98EFD2002AB83B /* AppDelegate.swift */ = {isa = PBXFileReference; lastKnownFileType = sourcecode.swift; path = AppDelegate.swift; sourceTree = "<group>"; };
		52B1C6E31D98EFD2002AB83B /* Assets.xcassets */ = {isa = PBXFileReference; lastKnownFileType = folder.assetcatalog; path = Assets.xcassets; sourceTree = "<group>"; };
		52B1C6E81D98EFD2002AB83B /* Info.plist */ = {isa = PBXFileReference; lastKnownFileType = text.plist.xml; path = Info.plist; sourceTree = "<group>"; };
		52B1C6ED1D98EFD2002AB83B /* TurmericTests.xctest */ = {isa = PBXFileReference; explicitFileType = wrapper.cfbundle; includeInIndex = 0; path = TurmericTests.xctest; sourceTree = BUILT_PRODUCTS_DIR; };
		52B1C6F31D98EFD2002AB83B /* Info.plist */ = {isa = PBXFileReference; lastKnownFileType = text.plist.xml; path = Info.plist; sourceTree = "<group>"; };
		52B1C6F81D98EFD2002AB83B /* TurmericUITests.xctest */ = {isa = PBXFileReference; explicitFileType = wrapper.cfbundle; includeInIndex = 0; path = TurmericUITests.xctest; sourceTree = BUILT_PRODUCTS_DIR; };
		52B1C6FE1D98EFD2002AB83B /* Info.plist */ = {isa = PBXFileReference; lastKnownFileType = text.plist.xml; path = Info.plist; sourceTree = "<group>"; };
		52D1FEF01DA4EAC20025FCD4 /* XLPagerTabStrip.framework */ = {isa = PBXFileReference; lastKnownFileType = wrapper.framework; name = XLPagerTabStrip.framework; path = Carthage/Build/iOS/XLPagerTabStrip.framework; sourceTree = "<group>"; };
		52D6E7C01D9CE22900A0A564 /* UserTests.swift */ = {isa = PBXFileReference; fileEncoding = 4; lastKnownFileType = sourcecode.swift; path = UserTests.swift; sourceTree = "<group>"; };
		52F1EF4C1DA39BD1009B4327 /* MyFeed.json */ = {isa = PBXFileReference; fileEncoding = 4; lastKnownFileType = text.json; path = MyFeed.json; sourceTree = "<group>"; };
		7231C3D81D9A0BA90086D60F /* Mention.storyboard */ = {isa = PBXFileReference; fileEncoding = 4; lastKnownFileType = file.storyboard; path = Mention.storyboard; sourceTree = "<group>"; };
		724DB9121D9926FB00008C25 /* Home.storyboard */ = {isa = PBXFileReference; fileEncoding = 4; lastKnownFileType = file.storyboard; path = Home.storyboard; sourceTree = "<group>"; };
		724DB9141D99271B00008C25 /* Post.storyboard */ = {isa = PBXFileReference; fileEncoding = 4; lastKnownFileType = file.storyboard; path = Post.storyboard; sourceTree = "<group>"; };
		724DB9161D99274A00008C25 /* Profile.storyboard */ = {isa = PBXFileReference; fileEncoding = 4; lastKnownFileType = file.storyboard; path = Profile.storyboard; sourceTree = "<group>"; };
		724DB9181D99275300008C25 /* Lists.storyboard */ = {isa = PBXFileReference; fileEncoding = 4; lastKnownFileType = file.storyboard; path = Lists.storyboard; sourceTree = "<group>"; };
		725B13121DA2450C00A12006 /* Stub.swift */ = {isa = PBXFileReference; fileEncoding = 4; lastKnownFileType = sourcecode.swift; path = Stub.swift; sourceTree = "<group>"; };
		725B13171DA35C4600A12006 /* Me.json */ = {isa = PBXFileReference; fileEncoding = 4; lastKnownFileType = text.json; path = Me.json; sourceTree = "<group>"; };
		725B13191DA39AFC00A12006 /* PostKeyboardToolbar.xib */ = {isa = PBXFileReference; fileEncoding = 4; lastKnownFileType = file.xib; path = PostKeyboardToolbar.xib; sourceTree = "<group>"; };
		72B14FF61DA39D79005E7523 /* PostViewController.swift */ = {isa = PBXFileReference; fileEncoding = 4; lastKnownFileType = sourcecode.swift; path = PostViewController.swift; sourceTree = "<group>"; };
		72B14FF81DA3B11D005E7523 /* TabBarController.swift */ = {isa = PBXFileReference; fileEncoding = 4; lastKnownFileType = sourcecode.swift; path = TabBarController.swift; sourceTree = "<group>"; };
		72B14FFA1DA49D4E005E7523 /* DummyViewController.swift */ = {isa = PBXFileReference; fileEncoding = 4; lastKnownFileType = sourcecode.swift; path = DummyViewController.swift; sourceTree = "<group>"; };
		72B14FFC1DA4CCEA005E7523 /* MicropostsPost.json */ = {isa = PBXFileReference; fileEncoding = 4; lastKnownFileType = text.json; path = MicropostsPost.json; sourceTree = "<group>"; };
		72B150001DA5EEE4005E7523 /* PostUITests.swift */ = {isa = PBXFileReference; fileEncoding = 4; lastKnownFileType = sourcecode.swift; path = PostUITests.swift; sourceTree = "<group>"; };
		72C0D6DF1D9BB50600D47723 /* Feed.storyboard */ = {isa = PBXFileReference; fileEncoding = 4; lastKnownFileType = file.storyboard; path = Feed.storyboard; sourceTree = "<group>"; };
		72C0D6E11D9BB54A00D47723 /* Following.storyboard */ = {isa = PBXFileReference; fileEncoding = 4; lastKnownFileType = file.storyboard; path = Following.storyboard; sourceTree = "<group>"; };
		72C0D6E31D9BB56100D47723 /* Followers.storyboard */ = {isa = PBXFileReference; fileEncoding = 4; lastKnownFileType = file.storyboard; path = Followers.storyboard; sourceTree = "<group>"; };
		72C0D6E51D9BB70900D47723 /* ProfileEdit.storyboard */ = {isa = PBXFileReference; fileEncoding = 4; lastKnownFileType = file.storyboard; path = ProfileEdit.storyboard; sourceTree = "<group>"; };
		72C0D6E71D9BBC9000D47723 /* LinedButton.swift */ = {isa = PBXFileReference; fileEncoding = 4; lastKnownFileType = sourcecode.swift; path = LinedButton.swift; sourceTree = "<group>"; };
		72C0D6EB1D9CBBE200D47723 /* ProfileUITests.swift */ = {isa = PBXFileReference; fileEncoding = 4; lastKnownFileType = sourcecode.swift; path = ProfileUITests.swift; sourceTree = "<group>"; };
		72C0D6ED1D9D106000D47723 /* ProfileViewController.swift */ = {isa = PBXFileReference; fileEncoding = 4; lastKnownFileType = sourcecode.swift; path = ProfileViewController.swift; sourceTree = "<group>"; };
/* End PBXFileReference section */

/* Begin PBXFrameworksBuildPhase section */
		52B1C6D61D98EFD1002AB83B /* Frameworks */ = {
			isa = PBXFrameworksBuildPhase;
			buildActionMask = 2147483647;
			files = (
				52D1FEF11DA4EAC20025FCD4 /* XLPagerTabStrip.framework in Frameworks */,
				525B707B1D98F985004D72BD /* Alamofire.framework in Frameworks */,
				525B707C1D98F985004D72BD /* AlamofireImage.framework in Frameworks */,
				521173B61D9A504800DDA29E /* OHHTTPStubs.framework in Frameworks */,
				525B707D1D98F985004D72BD /* SwiftyJSON.framework in Frameworks */,
			);
			runOnlyForDeploymentPostprocessing = 0;
		};
		52B1C6EA1D98EFD2002AB83B /* Frameworks */ = {
			isa = PBXFrameworksBuildPhase;
			buildActionMask = 2147483647;
			files = (
				521173B71D9A6D0000DDA29E /* OHHTTPStubs.framework in Frameworks */,
				521173B91D9A79AB00DDA29E /* Nimble.framework in Frameworks */,
			);
			runOnlyForDeploymentPostprocessing = 0;
		};
		52B1C6F51D98EFD2002AB83B /* Frameworks */ = {
			isa = PBXFrameworksBuildPhase;
			buildActionMask = 2147483647;
			files = (
			);
			runOnlyForDeploymentPostprocessing = 0;
		};
/* End PBXFrameworksBuildPhase section */

/* Begin PBXGroup section */
		520C41C41D9CDC66004C439C /* Models */ = {
			isa = PBXGroup;
			children = (
				52D6E7C01D9CE22900A0A564 /* UserTests.swift */,
				520654661D9E086500FD0BBE /* MicropostTests.swift */,
				52A15F371DA24923009D4525 /* ListTests.swift */,
			);
			path = Models;
			sourceTree = "<group>";
		};
		5222F5A51DA34A0F00990E8E /* Fixtures */ = {
			isa = PBXGroup;
			children = (
				5221F3541DA35B9100719B90 /* Auth.json */,
				5222F5A61DA34A0F00990E8E /* ListsMembers.json */,
				5222F5A71DA34A0F00990E8E /* ListsShow.json */,
				5222F5A81DA34A0F00990E8E /* MicropostsShow.json */,
				5222F5A91DA34A0F00990E8E /* MicropostsShow_withPicture.json */,
				52F1EF4C1DA39BD1009B4327 /* MyFeed.json */,
				725B13171DA35C4600A12006 /* Me.json */,
				5222F5AA1DA34A0F00990E8E /* MyLists.json */,
				5222F5AB1DA34A0F00990E8E /* UsersCreate.json */,
				72B14FFC1DA4CCEA005E7523 /* MicropostsPost.json */,
				526B14A11DA4E43B00BDAAFA /* ListsUpdate.json */,
			);
			path = Fixtures;
			sourceTree = "<group>";
		};
		5242ABF01D98F16A0095D4F4 /* Classes */ = {
			isa = PBXGroup;
			children = (
				5242ABF11D98F16A0095D4F4 /* Controllers */,
				5242ABF21D98F16A0095D4F4 /* Helpers */,
				5242ABF31D98F16A0095D4F4 /* Models */,
				5242ABF41D98F16A0095D4F4 /* Stores */,
				5242ABF51D98F16A0095D4F4 /* Views */,
			);
			path = Classes;
			sourceTree = "<group>";
		};
		5242ABF11D98F16A0095D4F4 /* Controllers */ = {
			isa = PBXGroup;
			children = (
				72B14FFA1DA49D4E005E7523 /* DummyViewController.swift */,
				52221D251DA4E95E00AA6DD4 /* FeedViewController.swift */,
				52221D231DA4E83700AA6DD4 /* HomeViewController.swift */,
				52A44A881D9E512600DE76FD /* ListDetailViewController.swift */,
				521BC0AA1DA3B0D600A83893 /* ListEditViewController.swift */,
				52A44A7A1D9E304500DE76FD /* ListViewController.swift */,
				72B14FF61DA39D79005E7523 /* PostViewController.swift */,
				72C0D6ED1D9D106000D47723 /* ProfileViewController.swift */,
				72B14FF81DA3B11D005E7523 /* TabBarController.swift */,
				5242ABF71D98F1BE0095D4F4 /* ViewController.swift */,
				52A8F6251DA656CE00354999 /* ListAddMemberViewController.swift */,
			);
			path = Controllers;
			sourceTree = "<group>";
		};
		5242ABF21D98F16A0095D4F4 /* Helpers */ = {
			isa = PBXGroup;
			children = (
				52685A261D990E4400FEC0A7 /* APIClient.swift */,
				725B13121DA2450C00A12006 /* Stub.swift */,
			);
			path = Helpers;
			sourceTree = "<group>";
		};
		5242ABF31D98F16A0095D4F4 /* Models */ = {
			isa = PBXGroup;
			children = (
				5232599E1D9A0D8100476111 /* User.swift */,
				522C8AA61D9CBC2C00E17D4C /* List.swift */,
				52A635D21D9CD9FE00646119 /* Micropost.swift */,
			);
			path = Models;
			sourceTree = "<group>";
		};
		5242ABF41D98F16A0095D4F4 /* Stores */ = {
			isa = PBXGroup;
			children = (
			);
			path = Stores;
			sourceTree = "<group>";
		};
		5242ABF51D98F16A0095D4F4 /* Views */ = {
			isa = PBXGroup;
			children = (
				72C0D6E71D9BBC9000D47723 /* LinedButton.swift */,
				521BC0A21DA3527000A83893 /* MembersCell.swift */,
				521BC0A31DA3527000A83893 /* MembersCell.xib */,
				526B149D1DA4A21F00BDAAFA /* MembersDeleteCell.swift */,
				526B149E1DA4A21F00BDAAFA /* MembersDeleteCell.xib */,
				725B13191DA39AFC00A12006 /* PostKeyboardToolbar.xib */,
				5208BBD11DA726F60098DBC6 /* MemberAddCell.swift */,
				5208BBD21DA726F60098DBC6 /* MemberAddCell.xib */,
			);
			path = Views;
			sourceTree = "<group>";
		};
		5242ABF61D98F16A0095D4F4 /* Storyboards */ = {
			isa = PBXGroup;
			children = (
				5242ABF91D98F1CB0095D4F4 /* LaunchScreen.storyboard */,
				5242ABFA1D98F1CB0095D4F4 /* Main.storyboard */,
				724DB9121D9926FB00008C25 /* Home.storyboard */,
				724DB9141D99271B00008C25 /* Post.storyboard */,
				72C0D6DF1D9BB50600D47723 /* Feed.storyboard */,
				724DB9161D99274A00008C25 /* Profile.storyboard */,
				724DB9181D99275300008C25 /* Lists.storyboard */,
				7231C3D81D9A0BA90086D60F /* Mention.storyboard */,
				52A44A861D9E465800DE76FD /* ListDetail.storyboard */,
				72C0D6E11D9BB54A00D47723 /* Following.storyboard */,
				72C0D6E31D9BB56100D47723 /* Followers.storyboard */,
				72C0D6E51D9BB70900D47723 /* ProfileEdit.storyboard */,
				521BC0A81DA3B05300A83893 /* ListEdit.storyboard */,
				52A8F6231DA652F500354999 /* ListAddMember.storyboard */,
			);
			path = Storyboards;
			sourceTree = "<group>";
		};
		525B70771D98F985004D72BD /* Frameworks */ = {
			isa = PBXGroup;
			children = (
				52D1FEF01DA4EAC20025FCD4 /* XLPagerTabStrip.framework */,
				521173B81D9A79AB00DDA29E /* Nimble.framework */,
				521173B51D9A504800DDA29E /* OHHTTPStubs.framework */,
				525B70781D98F985004D72BD /* Alamofire.framework */,
				525B70791D98F985004D72BD /* AlamofireImage.framework */,
				525B707A1D98F985004D72BD /* SwiftyJSON.framework */,
			);
			name = Frameworks;
			sourceTree = "<group>";
		};
		52B1C6D01D98EFD1002AB83B = {
			isa = PBXGroup;
			children = (
				52B1C6DB1D98EFD2002AB83B /* Turmeric */,
				52B1C6F01D98EFD2002AB83B /* TurmericTests */,
				52B1C6FB1D98EFD2002AB83B /* TurmericUITests */,
				52B1C6DA1D98EFD2002AB83B /* Products */,
				525B70771D98F985004D72BD /* Frameworks */,
			);
			sourceTree = "<group>";
		};
		52B1C6DA1D98EFD2002AB83B /* Products */ = {
			isa = PBXGroup;
			children = (
				52B1C6D91D98EFD2002AB83B /* Turmeric.app */,
				52B1C6ED1D98EFD2002AB83B /* TurmericTests.xctest */,
				52B1C6F81D98EFD2002AB83B /* TurmericUITests.xctest */,
			);
			name = Products;
			sourceTree = "<group>";
		};
		52B1C6DB1D98EFD2002AB83B /* Turmeric */ = {
			isa = PBXGroup;
			children = (
				5222F5A51DA34A0F00990E8E /* Fixtures */,
				5242ABF01D98F16A0095D4F4 /* Classes */,
				5242ABF61D98F16A0095D4F4 /* Storyboards */,
				52B1C6DC1D98EFD2002AB83B /* AppDelegate.swift */,
				52B1C6E31D98EFD2002AB83B /* Assets.xcassets */,
				52B1C6E81D98EFD2002AB83B /* Info.plist */,
			);
			path = Turmeric;
			sourceTree = "<group>";
		};
		52B1C6F01D98EFD2002AB83B /* TurmericTests */ = {
			isa = PBXGroup;
			children = (
				520C41C41D9CDC66004C439C /* Models */,
				52B1C6F31D98EFD2002AB83B /* Info.plist */,
				522C8AAE1D9D1D3F00E17D4C /* TestHelpers.swift */,
			);
			path = TurmericTests;
			sourceTree = "<group>";
		};
		52B1C6FB1D98EFD2002AB83B /* TurmericUITests */ = {
			isa = PBXGroup;
			children = (
				52B1C6FE1D98EFD2002AB83B /* Info.plist */,
				528F83581DA5F70F00630ACF /* HomeUITests.swift */,
				52A15F281DA1FABA009D4525 /* ListUITests.swift */,
				72B150001DA5EEE4005E7523 /* PostUITests.swift */,
				72C0D6EB1D9CBBE200D47723 /* ProfileUITests.swift */,
				521BC0A61DA3971200A83893 /* ListDetailUITests.swift */,
				52A8F6211DA6291A00354999 /* ListEditUITests.swift */,
			);
			path = TurmericUITests;
			sourceTree = "<group>";
		};
/* End PBXGroup section */

/* Begin PBXNativeTarget section */
		52B1C6D81D98EFD1002AB83B /* Turmeric */ = {
			isa = PBXNativeTarget;
			buildConfigurationList = 52B1C7011D98EFD2002AB83B /* Build configuration list for PBXNativeTarget "Turmeric" */;
			buildPhases = (
				52B1C6D51D98EFD1002AB83B /* Sources */,
				52B1C6D61D98EFD1002AB83B /* Frameworks */,
				52B1C6D71D98EFD1002AB83B /* Resources */,
				525B707E1D98F9B6004D72BD /* ShellScript */,
			);
			buildRules = (
			);
			dependencies = (
			);
			name = Turmeric;
			productName = Turmeric;
			productReference = 52B1C6D91D98EFD2002AB83B /* Turmeric.app */;
			productType = "com.apple.product-type.application";
		};
		52B1C6EC1D98EFD2002AB83B /* TurmericTests */ = {
			isa = PBXNativeTarget;
			buildConfigurationList = 52B1C7041D98EFD2002AB83B /* Build configuration list for PBXNativeTarget "TurmericTests" */;
			buildPhases = (
				52B1C6E91D98EFD2002AB83B /* Sources */,
				52B1C6EA1D98EFD2002AB83B /* Frameworks */,
				52B1C6EB1D98EFD2002AB83B /* Resources */,
				52685A281D992A8F00FEC0A7 /* ShellScript */,
			);
			buildRules = (
			);
			dependencies = (
				52B1C6EF1D98EFD2002AB83B /* PBXTargetDependency */,
			);
			name = TurmericTests;
			productName = TurmericTests;
			productReference = 52B1C6ED1D98EFD2002AB83B /* TurmericTests.xctest */;
			productType = "com.apple.product-type.bundle.unit-test";
		};
		52B1C6F71D98EFD2002AB83B /* TurmericUITests */ = {
			isa = PBXNativeTarget;
			buildConfigurationList = 52B1C7071D98EFD2002AB83B /* Build configuration list for PBXNativeTarget "TurmericUITests" */;
			buildPhases = (
				52B1C6F41D98EFD2002AB83B /* Sources */,
				52B1C6F51D98EFD2002AB83B /* Frameworks */,
				52B1C6F61D98EFD2002AB83B /* Resources */,
			);
			buildRules = (
			);
			dependencies = (
				52B1C6FA1D98EFD2002AB83B /* PBXTargetDependency */,
			);
			name = TurmericUITests;
			productName = TurmericUITests;
			productReference = 52B1C6F81D98EFD2002AB83B /* TurmericUITests.xctest */;
			productType = "com.apple.product-type.bundle.ui-testing";
		};
/* End PBXNativeTarget section */

/* Begin PBXProject section */
		52B1C6D11D98EFD1002AB83B /* Project object */ = {
			isa = PBXProject;
			attributes = {
				LastSwiftUpdateCheck = 0800;
				LastUpgradeCheck = 0800;
				ORGANIZATIONNAME = "GMO Pepabo";
				TargetAttributes = {
					52B1C6D81D98EFD1002AB83B = {
						CreatedOnToolsVersion = 8.0;
						ProvisioningStyle = Automatic;
					};
					52B1C6EC1D98EFD2002AB83B = {
						CreatedOnToolsVersion = 8.0;
						ProvisioningStyle = Automatic;
						TestTargetID = 52B1C6D81D98EFD1002AB83B;
					};
					52B1C6F71D98EFD2002AB83B = {
						CreatedOnToolsVersion = 8.0;
						ProvisioningStyle = Automatic;
						TestTargetID = 52B1C6D81D98EFD1002AB83B;
					};
				};
			};
			buildConfigurationList = 52B1C6D41D98EFD1002AB83B /* Build configuration list for PBXProject "Turmeric" */;
			compatibilityVersion = "Xcode 3.2";
			developmentRegion = English;
			hasScannedForEncodings = 0;
			knownRegions = (
				en,
				Base,
			);
			mainGroup = 52B1C6D01D98EFD1002AB83B;
			productRefGroup = 52B1C6DA1D98EFD2002AB83B /* Products */;
			projectDirPath = "";
			projectRoot = "";
			targets = (
				52B1C6D81D98EFD1002AB83B /* Turmeric */,
				52B1C6EC1D98EFD2002AB83B /* TurmericTests */,
				52B1C6F71D98EFD2002AB83B /* TurmericUITests */,
			);
		};
/* End PBXProject section */

/* Begin PBXResourcesBuildPhase section */
		52B1C6D71D98EFD1002AB83B /* Resources */ = {
			isa = PBXResourcesBuildPhase;
			buildActionMask = 2147483647;
			files = (
				52A8F6241DA652F500354999 /* ListAddMember.storyboard in Resources */,
				72C0D6E21D9BB54A00D47723 /* Following.storyboard in Resources */,
				526B14A01DA4A21F00BDAAFA /* MembersDeleteCell.xib in Resources */,
				5222F5B11DA34A0F00990E8E /* UsersCreate.json in Resources */,
				5222F5AF1DA34A0F00990E8E /* MicropostsShow_withPicture.json in Resources */,
				521BC0A91DA3B05300A83893 /* ListEdit.storyboard in Resources */,
				725B131A1DA39AFC00A12006 /* PostKeyboardToolbar.xib in Resources */,
				5221F3551DA35B9100719B90 /* Auth.json in Resources */,
				72C0D6E01D9BB50600D47723 /* Feed.storyboard in Resources */,
				724DB9171D99274A00008C25 /* Profile.storyboard in Resources */,
				5242ABFC1D98F1CB0095D4F4 /* Main.storyboard in Resources */,
				5208BBD41DA726F60098DBC6 /* MemberAddCell.xib in Resources */,
				72B14FFD1DA4CCEA005E7523 /* MicropostsPost.json in Resources */,
				52B1C6E41D98EFD2002AB83B /* Assets.xcassets in Resources */,
				725B13181DA35C4600A12006 /* Me.json in Resources */,
				5222F5AC1DA34A0F00990E8E /* ListsMembers.json in Resources */,
				52F1EF4D1DA39BD1009B4327 /* MyFeed.json in Resources */,
				7231C3D91D9A0BA90086D60F /* Mention.storyboard in Resources */,
				52A44A871D9E465800DE76FD /* ListDetail.storyboard in Resources */,
				526B14A21DA4E43B00BDAAFA /* ListsUpdate.json in Resources */,
				5222F5AD1DA34A0F00990E8E /* ListsShow.json in Resources */,
				72C0D6E61D9BB70900D47723 /* ProfileEdit.storyboard in Resources */,
				5222F5AD1DA34A0F00990E8E /* ListsShow.json in Resources */,
				72C0D6E41D9BB56100D47723 /* Followers.storyboard in Resources */,
				5242ABFB1D98F1CB0095D4F4 /* LaunchScreen.storyboard in Resources */,
				521BC0A51DA3527000A83893 /* MembersCell.xib in Resources */,
				5222F5B01DA34A0F00990E8E /* MyLists.json in Resources */,
				724DB9151D99271B00008C25 /* Post.storyboard in Resources */,
				724DB9131D9926FB00008C25 /* Home.storyboard in Resources */,
				724DB9191D99275300008C25 /* Lists.storyboard in Resources */,
				5222F5AE1DA34A0F00990E8E /* MicropostsShow.json in Resources */,
			);
			runOnlyForDeploymentPostprocessing = 0;
		};
		52B1C6EB1D98EFD2002AB83B /* Resources */ = {
			isa = PBXResourcesBuildPhase;
			buildActionMask = 2147483647;
			files = (
			);
			runOnlyForDeploymentPostprocessing = 0;
		};
		52B1C6F61D98EFD2002AB83B /* Resources */ = {
			isa = PBXResourcesBuildPhase;
			buildActionMask = 2147483647;
			files = (
			);
			runOnlyForDeploymentPostprocessing = 0;
		};
/* End PBXResourcesBuildPhase section */

/* Begin PBXShellScriptBuildPhase section */
		525B707E1D98F9B6004D72BD /* ShellScript */ = {
			isa = PBXShellScriptBuildPhase;
			buildActionMask = 2147483647;
			files = (
			);
			inputPaths = (
				"$(SRCROOT)/Carthage/Build/iOS/Alamofire.framework",
				"$(SRCROOT)/Carthage/Build/iOS/AlamofireImage.framework",
				"$(SRCROOT)/Carthage/Build/iOS/SwiftyJSON.framework",
				"$(SRCROOT)/Carthage/Build/iOS/OHHTTPStubs.framework",
				"$(SRCROOT)/Carthage/Build/iOS/XLPagerTabStrip.framework",
			);
			outputPaths = (
			);
			runOnlyForDeploymentPostprocessing = 0;
			shellPath = /bin/sh;
			shellScript = "/usr/local/bin/carthage copy-frameworks";
		};
		52685A281D992A8F00FEC0A7 /* ShellScript */ = {
			isa = PBXShellScriptBuildPhase;
			buildActionMask = 2147483647;
			files = (
			);
			inputPaths = (
				"$(SRCROOT)/Carthage/Build/iOS/Alamofire.framework",
				"$(SRCROOT)/Carthage/Build/iOS/AlamofireImage.framework",
				"$(SRCROOT)/Carthage/Build/iOS/SwiftyJSON.framework",
				"$(SRCROOT)/Carthage/Build/iOS/OHHTTPStubs.framework",
				"$(SRCROOT)/Carthage/Build/iOS/Nimble.framework",
				"$(SRCROOT)/Carthage/Build/iOS/XLPagerTabStrip.framework",
			);
			outputPaths = (
			);
			runOnlyForDeploymentPostprocessing = 0;
			shellPath = /bin/sh;
			shellScript = "/usr/local/bin/carthage copy-frameworks";
		};
/* End PBXShellScriptBuildPhase section */

/* Begin PBXSourcesBuildPhase section */
		52B1C6D51D98EFD1002AB83B /* Sources */ = {
			isa = PBXSourcesBuildPhase;
			buildActionMask = 2147483647;
			files = (
				521BC0A41DA3527000A83893 /* MembersCell.swift in Sources */,
				52A44A891D9E512600DE76FD /* ListDetailViewController.swift in Sources */,
				5208BBD31DA726F60098DBC6 /* MemberAddCell.swift in Sources */,
				72C0D6E81D9BBC9000D47723 /* LinedButton.swift in Sources */,
				52A635D31D9CD9FE00646119 /* Micropost.swift in Sources */,
				52221D261DA4E95E00AA6DD4 /* FeedViewController.swift in Sources */,
				72B14FF91DA3B11D005E7523 /* TabBarController.swift in Sources */,
				52221D241DA4E83700AA6DD4 /* HomeViewController.swift in Sources */,
				526B149F1DA4A21F00BDAAFA /* MembersDeleteCell.swift in Sources */,
				5232599F1D9A0D8100476111 /* User.swift in Sources */,
				5242ABF81D98F1BE0095D4F4 /* ViewController.swift in Sources */,
				72C0D6EE1D9D106000D47723 /* ProfileViewController.swift in Sources */,
				72B14FF71DA39D79005E7523 /* PostViewController.swift in Sources */,
				521BC0AB1DA3B0D600A83893 /* ListEditViewController.swift in Sources */,
				725B13131DA2450C00A12006 /* Stub.swift in Sources */,
				72B14FFB1DA49D4E005E7523 /* DummyViewController.swift in Sources */,
				52B1C6DD1D98EFD2002AB83B /* AppDelegate.swift in Sources */,
				52A8F6261DA656CE00354999 /* ListAddMemberViewController.swift in Sources */,
				522C8AA71D9CBC2C00E17D4C /* List.swift in Sources */,
				52685A271D990E4400FEC0A7 /* APIClient.swift in Sources */,
				52A44A7B1D9E304500DE76FD /* ListViewController.swift in Sources */,
			);
			runOnlyForDeploymentPostprocessing = 0;
		};
		52B1C6E91D98EFD2002AB83B /* Sources */ = {
			isa = PBXSourcesBuildPhase;
			buildActionMask = 2147483647;
			files = (
				520654671D9E086500FD0BBE /* MicropostTests.swift in Sources */,
				52A15F381DA24923009D4525 /* ListTests.swift in Sources */,
				52D6E7C11D9CE22900A0A564 /* UserTests.swift in Sources */,
				522C8AAF1D9D1D3F00E17D4C /* TestHelpers.swift in Sources */,
			);
			runOnlyForDeploymentPostprocessing = 0;
		};
		52B1C6F41D98EFD2002AB83B /* Sources */ = {
			isa = PBXSourcesBuildPhase;
			buildActionMask = 2147483647;
			files = (
				528F83591DA5F70F00630ACF /* HomeUITests.swift in Sources */,
				521BC0A71DA3971200A83893 /* ListDetailUITests.swift in Sources */,
				72C0D6EC1D9CBBE200D47723 /* ProfileUITests.swift in Sources */,
				52A15F291DA1FABA009D4525 /* ListUITests.swift in Sources */,
				72B150011DA5EEE4005E7523 /* PostUITests.swift in Sources */,
				52A8F6221DA6291A00354999 /* ListEditUITests.swift in Sources */,
			);
			runOnlyForDeploymentPostprocessing = 0;
		};
/* End PBXSourcesBuildPhase section */

/* Begin PBXTargetDependency section */
		52B1C6EF1D98EFD2002AB83B /* PBXTargetDependency */ = {
			isa = PBXTargetDependency;
			target = 52B1C6D81D98EFD1002AB83B /* Turmeric */;
			targetProxy = 52B1C6EE1D98EFD2002AB83B /* PBXContainerItemProxy */;
		};
		52B1C6FA1D98EFD2002AB83B /* PBXTargetDependency */ = {
			isa = PBXTargetDependency;
			target = 52B1C6D81D98EFD1002AB83B /* Turmeric */;
			targetProxy = 52B1C6F91D98EFD2002AB83B /* PBXContainerItemProxy */;
		};
/* End PBXTargetDependency section */

/* Begin XCBuildConfiguration section */
		52B1C6FF1D98EFD2002AB83B /* Debug */ = {
			isa = XCBuildConfiguration;
			buildSettings = {
				ALWAYS_SEARCH_USER_PATHS = NO;
				CLANG_ANALYZER_NONNULL = YES;
				CLANG_CXX_LANGUAGE_STANDARD = "gnu++0x";
				CLANG_CXX_LIBRARY = "libc++";
				CLANG_ENABLE_MODULES = YES;
				CLANG_ENABLE_OBJC_ARC = YES;
				CLANG_WARN_BOOL_CONVERSION = YES;
				CLANG_WARN_CONSTANT_CONVERSION = YES;
				CLANG_WARN_DIRECT_OBJC_ISA_USAGE = YES_ERROR;
				CLANG_WARN_DOCUMENTATION_COMMENTS = YES;
				CLANG_WARN_EMPTY_BODY = YES;
				CLANG_WARN_ENUM_CONVERSION = YES;
				CLANG_WARN_INFINITE_RECURSION = YES;
				CLANG_WARN_INT_CONVERSION = YES;
				CLANG_WARN_OBJC_ROOT_CLASS = YES_ERROR;
				CLANG_WARN_SUSPICIOUS_MOVES = YES;
				CLANG_WARN_UNREACHABLE_CODE = YES;
				CLANG_WARN__DUPLICATE_METHOD_MATCH = YES;
				"CODE_SIGN_IDENTITY[sdk=iphoneos*]" = "iPhone Developer";
				COPY_PHASE_STRIP = NO;
				DEBUG_INFORMATION_FORMAT = dwarf;
				ENABLE_STRICT_OBJC_MSGSEND = YES;
				ENABLE_TESTABILITY = YES;
				GCC_C_LANGUAGE_STANDARD = gnu99;
				GCC_DYNAMIC_NO_PIC = NO;
				GCC_NO_COMMON_BLOCKS = YES;
				GCC_OPTIMIZATION_LEVEL = 0;
				GCC_PREPROCESSOR_DEFINITIONS = (
					"DEBUG=1",
					"$(inherited)",
				);
				GCC_WARN_64_TO_32_BIT_CONVERSION = YES;
				GCC_WARN_ABOUT_RETURN_TYPE = YES_ERROR;
				GCC_WARN_UNDECLARED_SELECTOR = YES;
				GCC_WARN_UNINITIALIZED_AUTOS = YES_AGGRESSIVE;
				GCC_WARN_UNUSED_FUNCTION = YES;
				GCC_WARN_UNUSED_VARIABLE = YES;
				IPHONEOS_DEPLOYMENT_TARGET = 10.0;
				MTL_ENABLE_DEBUG_INFO = YES;
				ONLY_ACTIVE_ARCH = YES;
				SDKROOT = iphoneos;
				SWIFT_ACTIVE_COMPILATION_CONDITIONS = DEBUG;
				SWIFT_OPTIMIZATION_LEVEL = "-Onone";
			};
			name = Debug;
		};
		52B1C7001D98EFD2002AB83B /* Release */ = {
			isa = XCBuildConfiguration;
			buildSettings = {
				ALWAYS_SEARCH_USER_PATHS = NO;
				CLANG_ANALYZER_NONNULL = YES;
				CLANG_CXX_LANGUAGE_STANDARD = "gnu++0x";
				CLANG_CXX_LIBRARY = "libc++";
				CLANG_ENABLE_MODULES = YES;
				CLANG_ENABLE_OBJC_ARC = YES;
				CLANG_WARN_BOOL_CONVERSION = YES;
				CLANG_WARN_CONSTANT_CONVERSION = YES;
				CLANG_WARN_DIRECT_OBJC_ISA_USAGE = YES_ERROR;
				CLANG_WARN_DOCUMENTATION_COMMENTS = YES;
				CLANG_WARN_EMPTY_BODY = YES;
				CLANG_WARN_ENUM_CONVERSION = YES;
				CLANG_WARN_INFINITE_RECURSION = YES;
				CLANG_WARN_INT_CONVERSION = YES;
				CLANG_WARN_OBJC_ROOT_CLASS = YES_ERROR;
				CLANG_WARN_SUSPICIOUS_MOVES = YES;
				CLANG_WARN_UNREACHABLE_CODE = YES;
				CLANG_WARN__DUPLICATE_METHOD_MATCH = YES;
				"CODE_SIGN_IDENTITY[sdk=iphoneos*]" = "iPhone Developer";
				COPY_PHASE_STRIP = NO;
				DEBUG_INFORMATION_FORMAT = "dwarf-with-dsym";
				ENABLE_NS_ASSERTIONS = NO;
				ENABLE_STRICT_OBJC_MSGSEND = YES;
				GCC_C_LANGUAGE_STANDARD = gnu99;
				GCC_NO_COMMON_BLOCKS = YES;
				GCC_WARN_64_TO_32_BIT_CONVERSION = YES;
				GCC_WARN_ABOUT_RETURN_TYPE = YES_ERROR;
				GCC_WARN_UNDECLARED_SELECTOR = YES;
				GCC_WARN_UNINITIALIZED_AUTOS = YES_AGGRESSIVE;
				GCC_WARN_UNUSED_FUNCTION = YES;
				GCC_WARN_UNUSED_VARIABLE = YES;
				IPHONEOS_DEPLOYMENT_TARGET = 10.0;
				MTL_ENABLE_DEBUG_INFO = NO;
				SDKROOT = iphoneos;
				SWIFT_OPTIMIZATION_LEVEL = "-Owholemodule";
				VALIDATE_PRODUCT = YES;
			};
			name = Release;
		};
		52B1C7021D98EFD2002AB83B /* Debug */ = {
			isa = XCBuildConfiguration;
			buildSettings = {
				ASSETCATALOG_COMPILER_APPICON_NAME = AppIcon;
				FRAMEWORK_SEARCH_PATHS = (
					"$(inherited)",
					"$(PROJECT_DIR)/Carthage/Build/iOS",
				);
				INFOPLIST_FILE = Turmeric/Info.plist;
				LD_RUNPATH_SEARCH_PATHS = "$(inherited) @executable_path/Frameworks";
				PRODUCT_BUNDLE_IDENTIFIER = com.pepabo.training.Turmeric;
				PRODUCT_NAME = "$(TARGET_NAME)";
				SWIFT_VERSION = 3.0;
			};
			name = Debug;
		};
		52B1C7031D98EFD2002AB83B /* Release */ = {
			isa = XCBuildConfiguration;
			buildSettings = {
				ASSETCATALOG_COMPILER_APPICON_NAME = AppIcon;
				FRAMEWORK_SEARCH_PATHS = (
					"$(inherited)",
					"$(PROJECT_DIR)/Carthage/Build/iOS",
				);
				INFOPLIST_FILE = Turmeric/Info.plist;
				LD_RUNPATH_SEARCH_PATHS = "$(inherited) @executable_path/Frameworks";
				PRODUCT_BUNDLE_IDENTIFIER = com.pepabo.training.Turmeric;
				PRODUCT_NAME = "$(TARGET_NAME)";
				SWIFT_VERSION = 3.0;
			};
			name = Release;
		};
		52B1C7051D98EFD2002AB83B /* Debug */ = {
			isa = XCBuildConfiguration;
			buildSettings = {
				ALWAYS_EMBED_SWIFT_STANDARD_LIBRARIES = YES;
				BUNDLE_LOADER = "$(TEST_HOST)";
				FRAMEWORK_SEARCH_PATHS = (
					"$(inherited)",
					"$(PROJECT_DIR)/Carthage/Build/iOS",
				);
				INFOPLIST_FILE = TurmericTests/Info.plist;
				LD_RUNPATH_SEARCH_PATHS = "$(inherited) @executable_path/Frameworks @loader_path/Frameworks";
				PRODUCT_BUNDLE_IDENTIFIER = com.pepabo.training.TurmericTests;
				PRODUCT_NAME = "$(TARGET_NAME)";
				SWIFT_VERSION = 3.0;
				TEST_HOST = "$(BUILT_PRODUCTS_DIR)/Turmeric.app/Turmeric";
			};
			name = Debug;
		};
		52B1C7061D98EFD2002AB83B /* Release */ = {
			isa = XCBuildConfiguration;
			buildSettings = {
				ALWAYS_EMBED_SWIFT_STANDARD_LIBRARIES = YES;
				BUNDLE_LOADER = "$(TEST_HOST)";
				FRAMEWORK_SEARCH_PATHS = (
					"$(inherited)",
					"$(PROJECT_DIR)/Carthage/Build/iOS",
				);
				INFOPLIST_FILE = TurmericTests/Info.plist;
				LD_RUNPATH_SEARCH_PATHS = "$(inherited) @executable_path/Frameworks @loader_path/Frameworks";
				PRODUCT_BUNDLE_IDENTIFIER = com.pepabo.training.TurmericTests;
				PRODUCT_NAME = "$(TARGET_NAME)";
				SWIFT_VERSION = 3.0;
				TEST_HOST = "$(BUILT_PRODUCTS_DIR)/Turmeric.app/Turmeric";
			};
			name = Release;
		};
		52B1C7081D98EFD2002AB83B /* Debug */ = {
			isa = XCBuildConfiguration;
			buildSettings = {
				ALWAYS_EMBED_SWIFT_STANDARD_LIBRARIES = YES;
				INFOPLIST_FILE = TurmericUITests/Info.plist;
				LD_RUNPATH_SEARCH_PATHS = "$(inherited) @executable_path/Frameworks @loader_path/Frameworks";
				PRODUCT_BUNDLE_IDENTIFIER = com.pepabo.training.TurmericUITests;
				PRODUCT_NAME = "$(TARGET_NAME)";
				SWIFT_VERSION = 3.0;
				TEST_TARGET_NAME = Turmeric;
			};
			name = Debug;
		};
		52B1C7091D98EFD2002AB83B /* Release */ = {
			isa = XCBuildConfiguration;
			buildSettings = {
				ALWAYS_EMBED_SWIFT_STANDARD_LIBRARIES = YES;
				INFOPLIST_FILE = TurmericUITests/Info.plist;
				LD_RUNPATH_SEARCH_PATHS = "$(inherited) @executable_path/Frameworks @loader_path/Frameworks";
				PRODUCT_BUNDLE_IDENTIFIER = com.pepabo.training.TurmericUITests;
				PRODUCT_NAME = "$(TARGET_NAME)";
				SWIFT_VERSION = 3.0;
				TEST_TARGET_NAME = Turmeric;
			};
			name = Release;
		};
		725B13051DA20D4000A12006 /* Test */ = {
			isa = XCBuildConfiguration;
			buildSettings = {
				ALWAYS_SEARCH_USER_PATHS = NO;
				CLANG_ANALYZER_NONNULL = YES;
				CLANG_CXX_LANGUAGE_STANDARD = "gnu++0x";
				CLANG_CXX_LIBRARY = "libc++";
				CLANG_ENABLE_MODULES = YES;
				CLANG_ENABLE_OBJC_ARC = YES;
				CLANG_WARN_BOOL_CONVERSION = YES;
				CLANG_WARN_CONSTANT_CONVERSION = YES;
				CLANG_WARN_DIRECT_OBJC_ISA_USAGE = YES_ERROR;
				CLANG_WARN_DOCUMENTATION_COMMENTS = YES;
				CLANG_WARN_EMPTY_BODY = YES;
				CLANG_WARN_ENUM_CONVERSION = YES;
				CLANG_WARN_INFINITE_RECURSION = YES;
				CLANG_WARN_INT_CONVERSION = YES;
				CLANG_WARN_OBJC_ROOT_CLASS = YES_ERROR;
				CLANG_WARN_SUSPICIOUS_MOVES = YES;
				CLANG_WARN_UNREACHABLE_CODE = YES;
				CLANG_WARN__DUPLICATE_METHOD_MATCH = YES;
				"CODE_SIGN_IDENTITY[sdk=iphoneos*]" = "iPhone Developer";
				COPY_PHASE_STRIP = NO;
				DEBUG_INFORMATION_FORMAT = dwarf;
				ENABLE_STRICT_OBJC_MSGSEND = YES;
				ENABLE_TESTABILITY = YES;
				GCC_C_LANGUAGE_STANDARD = gnu99;
				GCC_DYNAMIC_NO_PIC = NO;
				GCC_NO_COMMON_BLOCKS = YES;
				GCC_OPTIMIZATION_LEVEL = 0;
				GCC_PREPROCESSOR_DEFINITIONS = (
					"DEBUG=1",
					"$(inherited)",
				);
				GCC_WARN_64_TO_32_BIT_CONVERSION = YES;
				GCC_WARN_ABOUT_RETURN_TYPE = YES_ERROR;
				GCC_WARN_UNDECLARED_SELECTOR = YES;
				GCC_WARN_UNINITIALIZED_AUTOS = YES_AGGRESSIVE;
				GCC_WARN_UNUSED_FUNCTION = YES;
				GCC_WARN_UNUSED_VARIABLE = YES;
				IPHONEOS_DEPLOYMENT_TARGET = 10.0;
				MTL_ENABLE_DEBUG_INFO = YES;
				ONLY_ACTIVE_ARCH = YES;
				SDKROOT = iphoneos;
				SWIFT_ACTIVE_COMPILATION_CONDITIONS = TEST;
				SWIFT_OPTIMIZATION_LEVEL = "-Onone";
			};
			name = Test;
		};
		725B13061DA20D4000A12006 /* Test */ = {
			isa = XCBuildConfiguration;
			buildSettings = {
				ASSETCATALOG_COMPILER_APPICON_NAME = AppIcon;
				FRAMEWORK_SEARCH_PATHS = (
					"$(inherited)",
					"$(PROJECT_DIR)/Carthage/Build/iOS",
				);
				INFOPLIST_FILE = Turmeric/Info.plist;
				LD_RUNPATH_SEARCH_PATHS = "$(inherited) @executable_path/Frameworks";
				PRODUCT_BUNDLE_IDENTIFIER = com.pepabo.training.Turmeric;
				PRODUCT_NAME = "$(TARGET_NAME)";
				SWIFT_VERSION = 3.0;
			};
			name = Test;
		};
		725B13071DA20D4000A12006 /* Test */ = {
			isa = XCBuildConfiguration;
			buildSettings = {
				ALWAYS_EMBED_SWIFT_STANDARD_LIBRARIES = YES;
				BUNDLE_LOADER = "$(TEST_HOST)";
				FRAMEWORK_SEARCH_PATHS = (
					"$(inherited)",
					"$(PROJECT_DIR)/Carthage/Build/iOS",
				);
				INFOPLIST_FILE = TurmericTests/Info.plist;
				LD_RUNPATH_SEARCH_PATHS = "$(inherited) @executable_path/Frameworks @loader_path/Frameworks";
				PRODUCT_BUNDLE_IDENTIFIER = com.pepabo.training.TurmericTests;
				PRODUCT_NAME = "$(TARGET_NAME)";
				SWIFT_VERSION = 3.0;
				TEST_HOST = "$(BUILT_PRODUCTS_DIR)/Turmeric.app/Turmeric";
			};
			name = Test;
		};
		725B13081DA20D4000A12006 /* Test */ = {
			isa = XCBuildConfiguration;
			buildSettings = {
				ALWAYS_EMBED_SWIFT_STANDARD_LIBRARIES = YES;
				INFOPLIST_FILE = TurmericUITests/Info.plist;
				LD_RUNPATH_SEARCH_PATHS = "$(inherited) @executable_path/Frameworks @loader_path/Frameworks";
				PRODUCT_BUNDLE_IDENTIFIER = com.pepabo.training.TurmericUITests;
				PRODUCT_NAME = "$(TARGET_NAME)";
				SWIFT_VERSION = 3.0;
				TEST_TARGET_NAME = Turmeric;
			};
			name = Test;
		};
/* End XCBuildConfiguration section */

/* Begin XCConfigurationList section */
		52B1C6D41D98EFD1002AB83B /* Build configuration list for PBXProject "Turmeric" */ = {
			isa = XCConfigurationList;
			buildConfigurations = (
				52B1C6FF1D98EFD2002AB83B /* Debug */,
				725B13051DA20D4000A12006 /* Test */,
				52B1C7001D98EFD2002AB83B /* Release */,
			);
			defaultConfigurationIsVisible = 0;
			defaultConfigurationName = Release;
		};
		52B1C7011D98EFD2002AB83B /* Build configuration list for PBXNativeTarget "Turmeric" */ = {
			isa = XCConfigurationList;
			buildConfigurations = (
				52B1C7021D98EFD2002AB83B /* Debug */,
				725B13061DA20D4000A12006 /* Test */,
				52B1C7031D98EFD2002AB83B /* Release */,
			);
			defaultConfigurationIsVisible = 0;
			defaultConfigurationName = Release;
		};
		52B1C7041D98EFD2002AB83B /* Build configuration list for PBXNativeTarget "TurmericTests" */ = {
			isa = XCConfigurationList;
			buildConfigurations = (
				52B1C7051D98EFD2002AB83B /* Debug */,
				725B13071DA20D4000A12006 /* Test */,
				52B1C7061D98EFD2002AB83B /* Release */,
			);
			defaultConfigurationIsVisible = 0;
			defaultConfigurationName = Release;
		};
		52B1C7071D98EFD2002AB83B /* Build configuration list for PBXNativeTarget "TurmericUITests" */ = {
			isa = XCConfigurationList;
			buildConfigurations = (
				52B1C7081D98EFD2002AB83B /* Debug */,
				725B13081DA20D4000A12006 /* Test */,
				52B1C7091D98EFD2002AB83B /* Release */,
			);
			defaultConfigurationIsVisible = 0;
			defaultConfigurationName = Release;
		};
/* End XCConfigurationList section */
	};
	rootObject = 52B1C6D11D98EFD1002AB83B /* Project object */;
}
